
Microsoft Visual Studio Solution File, Format Version 12.00
# Visual Studio 2013
VisualStudioVersion = 12.0.31101.0
MinimumVisualStudioVersion = 10.0.40219.1
Project("{FAE04EC0-301F-11D3-BF4B-00C04F79EFBC}") = "Vector", "Vector\Vector.csproj", "{C39CD657-F697-4D93-B68B-ED3AF1A950F9}"
EndProject
Project("{FAE04EC0-301F-11D3-BF4B-00C04F79EFBC}") = "Simon", "Simon\Simon.csproj", "{C2F891D8-7034-46CE-AD6F-F41C17AF302E}"
EndProject
Project("{FAE04EC0-301F-11D3-BF4B-00C04F79EFBC}") = "BinaryHeap", "BinaryHeap\BinaryHeap.csproj", "{775A2AF8-6678-4C22-9007-EFCB8BF10949}"
EndProject
Project("{FAE04EC0-301F-11D3-BF4B-00C04F79EFBC}") = "LinkedList", "LinkedList\LinkedList.csproj", "{E4107309-3C5D-4B2D-8CF9-18F4FB5832DA}"
EndProject
Project("{FAE04EC0-301F-11D3-BF4B-00C04F79EFBC}") = "DoublyLinkedList", "DoublyLinkedList\DoublyLinkedList.csproj", "{CCA5C16A-C262-48AA-A136-CD9D807CBF58}"
EndProject
Project("{FAE04EC0-301F-11D3-BF4B-00C04F79EFBC}") = "HashTables", "HashTables\HashTables.csproj", "{12E25F61-6235-4675-83D3-00927D443974}"
EndProject
Project("{FAE04EC0-301F-11D3-BF4B-00C04F79EFBC}") = "BinarySearchTree", "BinarySearchTree\BinarySearchTree.csproj", "{916EE47E-A248-444F-9DA9-9C53CDB55A96}"
EndProject
Project("{FAE04EC0-301F-11D3-BF4B-00C04F79EFBC}") = "BinaryReadWrite", "BinaryReadWrite\BinaryReadWrite.csproj", "{1AA9E733-9474-4F72-9822-63B287267F0E}"
EndProject
Project("{FAE04EC0-301F-11D3-BF4B-00C04F79EFBC}") = "BitStream", "BitStream\BitStream.csproj", "{43F4F5D3-7047-4002-90F4-234E112F08F7}"
EndProject
Project("{FAE04EC0-301F-11D3-BF4B-00C04F79EFBC}") = "Huffman", "Huffman\Huffman.csproj", "{AB37B182-ACD5-4F61-8EF9-DF69C727AD49}"
EndProject
Global
	GlobalSection(SolutionConfigurationPlatforms) = preSolution
		Debug|Any CPU = Debug|Any CPU
		Release|Any CPU = Release|Any CPU
	EndGlobalSection
	GlobalSection(ProjectConfigurationPlatforms) = postSolution
		{C39CD657-F697-4D93-B68B-ED3AF1A950F9}.Debug|Any CPU.ActiveCfg = Debug|Any CPU
		{C39CD657-F697-4D93-B68B-ED3AF1A950F9}.Debug|Any CPU.Build.0 = Debug|Any CPU
		{C39CD657-F697-4D93-B68B-ED3AF1A950F9}.Release|Any CPU.ActiveCfg = Release|Any CPU
		{C39CD657-F697-4D93-B68B-ED3AF1A950F9}.Release|Any CPU.Build.0 = Release|Any CPU
		{C2F891D8-7034-46CE-AD6F-F41C17AF302E}.Debug|Any CPU.ActiveCfg = Debug|Any CPU
		{C2F891D8-7034-46CE-AD6F-F41C17AF302E}.Debug|Any CPU.Build.0 = Debug|Any CPU
		{C2F891D8-7034-46CE-AD6F-F41C17AF302E}.Release|Any CPU.ActiveCfg = Release|Any CPU
		{C2F891D8-7034-46CE-AD6F-F41C17AF302E}.Release|Any CPU.Build.0 = Release|Any CPU
		{775A2AF8-6678-4C22-9007-EFCB8BF10949}.Debug|Any CPU.ActiveCfg = Debug|Any CPU
		{775A2AF8-6678-4C22-9007-EFCB8BF10949}.Debug|Any CPU.Build.0 = Debug|Any CPU
		{775A2AF8-6678-4C22-9007-EFCB8BF10949}.Release|Any CPU.ActiveCfg = Release|Any CPU
		{775A2AF8-6678-4C22-9007-EFCB8BF10949}.Release|Any CPU.Build.0 = Release|Any CPU
		{E4107309-3C5D-4B2D-8CF9-18F4FB5832DA}.Debug|Any CPU.ActiveCfg = Debug|Any CPU
		{E4107309-3C5D-4B2D-8CF9-18F4FB5832DA}.Debug|Any CPU.Build.0 = Debug|Any CPU
		{E4107309-3C5D-4B2D-8CF9-18F4FB5832DA}.Release|Any CPU.ActiveCfg = Release|Any CPU
		{E4107309-3C5D-4B2D-8CF9-18F4FB5832DA}.Release|Any CPU.Build.0 = Release|Any CPU
		{CCA5C16A-C262-48AA-A136-CD9D807CBF58}.Debug|Any CPU.ActiveCfg = Debug|Any CPU
		{CCA5C16A-C262-48AA-A136-CD9D807CBF58}.Debug|Any CPU.Build.0 = Debug|Any CPU
		{CCA5C16A-C262-48AA-A136-CD9D807CBF58}.Release|Any CPU.ActiveCfg = Release|Any CPU
		{CCA5C16A-C262-48AA-A136-CD9D807CBF58}.Release|Any CPU.Build.0 = Release|Any CPU
		{12E25F61-6235-4675-83D3-00927D443974}.Debug|Any CPU.ActiveCfg = Debug|Any CPU
		{12E25F61-6235-4675-83D3-00927D443974}.Debug|Any CPU.Build.0 = Debug|Any CPU
		{12E25F61-6235-4675-83D3-00927D443974}.Release|Any CPU.ActiveCfg = Release|Any CPU
		{12E25F61-6235-4675-83D3-00927D443974}.Release|Any CPU.Build.0 = Release|Any CPU
		{916EE47E-A248-444F-9DA9-9C53CDB55A96}.Debug|Any CPU.ActiveCfg = Debug|Any CPU
		{916EE47E-A248-444F-9DA9-9C53CDB55A96}.Debug|Any CPU.Build.0 = Debug|Any CPU
		{916EE47E-A248-444F-9DA9-9C53CDB55A96}.Release|Any CPU.ActiveCfg = Release|Any CPU
		{916EE47E-A248-444F-9DA9-9C53CDB55A96}.Release|Any CPU.Build.0 = Release|Any CPU
		{1AA9E733-9474-4F72-9822-63B287267F0E}.Debug|Any CPU.ActiveCfg = Debug|Any CPU
		{1AA9E733-9474-4F72-9822-63B287267F0E}.Debug|Any CPU.Build.0 = Debug|Any CPU
		{1AA9E733-9474-4F72-9822-63B287267F0E}.Release|Any CPU.ActiveCfg = Release|Any CPU
		{1AA9E733-9474-4F72-9822-63B287267F0E}.Release|Any CPU.Build.0 = Release|Any CPU
		{43F4F5D3-7047-4002-90F4-234E112F08F7}.Debug|Any CPU.ActiveCfg = Debug|Any CPU
		{43F4F5D3-7047-4002-90F4-234E112F08F7}.Debug|Any CPU.Build.0 = Debug|Any CPU
		{43F4F5D3-7047-4002-90F4-234E112F08F7}.Release|Any CPU.ActiveCfg = Release|Any CPU
		{43F4F5D3-7047-4002-90F4-234E112F08F7}.Release|Any CPU.Build.0 = Release|Any CPU
		{AB37B182-ACD5-4F61-8EF9-DF69C727AD49}.Debug|Any CPU.ActiveCfg = Debug|Any CPU
		{AB37B182-ACD5-4F61-8EF9-DF69C727AD49}.Debug|Any CPU.Build.0 = Debug|Any CPU
		{AB37B182-ACD5-4F61-8EF9-DF69C727AD49}.Release|Any CPU.ActiveCfg = Release|Any CPU
		{AB37B182-ACD5-4F61-8EF9-DF69C727AD49}.Release|Any CPU.Build.0 = Release|Any CPU
	EndGlobalSection
	GlobalSection(SolutionProperties) = preSolution
		HideSolutionNode = FALSE
	EndGlobalSection
EndGlobal
